
Microsoft Visual Studio Solution File, Format Version 12.00
# Visual Studio Version 17
VisualStudioVersion = 17.11.35327.3
MinimumVisualStudioVersion = 10.0.40219.1
Project("{2150E333-8FDC-42A3-9474-1A3956D46DE8}") = "Account", "Account", "{6606B669-CE25-45DD-A717-04FBDA4227BA}"
EndProject
Project("{2150E333-8FDC-42A3-9474-1A3956D46DE8}") = "AI", "AI", "{405C50FD-AD22-4C2E-B1A7-174338AC2ECB}"
EndProject
Project("{2150E333-8FDC-42A3-9474-1A3956D46DE8}") = "Nutrition", "Nutrition", "{DAFF86E2-C73E-4193-9EA9-21EF0E6C52D8}"
EndProject
Project("{9A19103F-16F7-4668-BE54-9A1E7A4F7556}") = "FT.Account", "..\FT.Account\FT.Account\FT.Account\FT.Account.csproj", "{178BC69A-7046-43F3-95C0-EC141ACA69D5}"
EndProject
Project("{9A19103F-16F7-4668-BE54-9A1E7A4F7556}") = "FT.Account.Application", "..\FT.Account\FT.Account\FT.Account.Application\FT.Account.Application.csproj", "{F2D426E7-2D5B-4B78-BAEC-0EA56FD25E85}"
EndProject
Project("{9A19103F-16F7-4668-BE54-9A1E7A4F7556}") = "FT.Account.Infrastructure", "..\FT.Account\FT.Account\FT.Account.Infrastructure\FT.Account.Infrastructure.csproj", "{D46E29EE-9424-4013-BAB4-6054BCC4D9E1}"
EndProject
Project("{9A19103F-16F7-4668-BE54-9A1E7A4F7556}") = "FT.AI.Application", "..\FT.AI\FT.AI.Application\FT.AI.Application.csproj", "{CE4CFE80-823C-417A-843B-E8684980BB59}"
EndProject
Project("{9A19103F-16F7-4668-BE54-9A1E7A4F7556}") = "FT.AI.Infraestructure", "..\FT.AI\FT.AI.Infraestructure\FT.AI.Infraestructure.csproj", "{4B613605-3013-4806-B868-91FC477958D1}"
EndProject
Project("{9A19103F-16F7-4668-BE54-9A1E7A4F7556}") = "FT.AI", "..\FT.AI\FT.AI\FT.AI.csproj", "{2BEA9396-75E5-4C0D-B06A-E0FD09C7266C}"
EndProject
Project("{9A19103F-16F7-4668-BE54-9A1E7A4F7556}") = "FT.Nutrition", "..\FT.Nutrition\FT.Nutrition\FT.Nutrition.csproj", "{E8844BA3-E818-486B-9662-28BE59F1C518}"
EndProject
Project("{9A19103F-16F7-4668-BE54-9A1E7A4F7556}") = "FT.Nutrition.Application", "..\FT.Nutrition\FT.Nutrition.Application\FT.Nutrition.Application.csproj", "{35A3C657-D6A9-4103-978A-7F597050A49B}"
EndProject
Project("{9A19103F-16F7-4668-BE54-9A1E7A4F7556}") = "FT.Nutrition.Infrastructure", "..\FT.Nutrition\FT.Nutrition.Infrastructure\FT.Nutrition.Infrastructure.csproj", "{1CFC5174-2D27-4022-ADB5-73B3B8E8BCCB}"
EndProject
Project("{9A19103F-16F7-4668-BE54-9A1E7A4F7556}") = "FT.Nutrition.Tests", "..\FT.Nutrition\FT.Nutrition.Tests\FT.Nutrition.Tests.csproj", "{F57A4EFF-5E52-4B6F-B59F-B6F4D092A38D}"
EndProject
Project("{9A19103F-16F7-4668-BE54-9A1E7A4F7556}") = "FT.AI.Tests", "..\FT.AI\FT.AI.Tests\FT.AI.Tests.csproj", "{4D7A77BD-71EB-4047-8D5D-4F178589C624}"
EndProject
Project("{9A19103F-16F7-4668-BE54-9A1E7A4F7556}") = "FT.Account.Tests", "..\FT.Account\FT.Account\FT.Account.Tests\FT.Account.Tests.csproj", "{D244594B-5E07-4957-9A5A-B841A4408D10}"
EndProject
Global
	GlobalSection(SolutionConfigurationPlatforms) = preSolution
		Debug|Any CPU = Debug|Any CPU
		Release|Any CPU = Release|Any CPU
	EndGlobalSection
	GlobalSection(ProjectConfigurationPlatforms) = postSolution
		{178BC69A-7046-43F3-95C0-EC141ACA69D5}.Debug|Any CPU.ActiveCfg = Debug|Any CPU
		{178BC69A-7046-43F3-95C0-EC141ACA69D5}.Debug|Any CPU.Build.0 = Debug|Any CPU
		{178BC69A-7046-43F3-95C0-EC141ACA69D5}.Release|Any CPU.ActiveCfg = Release|Any CPU
		{178BC69A-7046-43F3-95C0-EC141ACA69D5}.Release|Any CPU.Build.0 = Release|Any CPU
		{F2D426E7-2D5B-4B78-BAEC-0EA56FD25E85}.Debug|Any CPU.ActiveCfg = Debug|Any CPU
		{F2D426E7-2D5B-4B78-BAEC-0EA56FD25E85}.Debug|Any CPU.Build.0 = Debug|Any CPU
		{F2D426E7-2D5B-4B78-BAEC-0EA56FD25E85}.Release|Any CPU.ActiveCfg = Release|Any CPU
		{F2D426E7-2D5B-4B78-BAEC-0EA56FD25E85}.Release|Any CPU.Build.0 = Release|Any CPU
		{D46E29EE-9424-4013-BAB4-6054BCC4D9E1}.Debug|Any CPU.ActiveCfg = Debug|Any CPU
		{D46E29EE-9424-4013-BAB4-6054BCC4D9E1}.Debug|Any CPU.Build.0 = Debug|Any CPU
		{D46E29EE-9424-4013-BAB4-6054BCC4D9E1}.Release|Any CPU.ActiveCfg = Release|Any CPU
		{D46E29EE-9424-4013-BAB4-6054BCC4D9E1}.Release|Any CPU.Build.0 = Release|Any CPU
		{CE4CFE80-823C-417A-843B-E8684980BB59}.Debug|Any CPU.ActiveCfg = Debug|Any CPU
		{CE4CFE80-823C-417A-843B-E8684980BB59}.Debug|Any CPU.Build.0 = Debug|Any CPU
		{CE4CFE80-823C-417A-843B-E8684980BB59}.Release|Any CPU.ActiveCfg = Release|Any CPU
		{CE4CFE80-823C-417A-843B-E8684980BB59}.Release|Any CPU.Build.0 = Release|Any CPU
		{4B613605-3013-4806-B868-91FC477958D1}.Debug|Any CPU.ActiveCfg = Debug|Any CPU
		{4B613605-3013-4806-B868-91FC477958D1}.Debug|Any CPU.Build.0 = Debug|Any CPU
		{4B613605-3013-4806-B868-91FC477958D1}.Release|Any CPU.ActiveCfg = Release|Any CPU
		{4B613605-3013-4806-B868-91FC477958D1}.Release|Any CPU.Build.0 = Release|Any CPU
		{2BEA9396-75E5-4C0D-B06A-E0FD09C7266C}.Debug|Any CPU.ActiveCfg = Debug|Any CPU
		{2BEA9396-75E5-4C0D-B06A-E0FD09C7266C}.Debug|Any CPU.Build.0 = Debug|Any CPU
		{2BEA9396-75E5-4C0D-B06A-E0FD09C7266C}.Release|Any CPU.ActiveCfg = Release|Any CPU
		{2BEA9396-75E5-4C0D-B06A-E0FD09C7266C}.Release|Any CPU.Build.0 = Release|Any CPU
		{E8844BA3-E818-486B-9662-28BE59F1C518}.Debug|Any CPU.ActiveCfg = Debug|Any CPU
		{E8844BA3-E818-486B-9662-28BE59F1C518}.Debug|Any CPU.Build.0 = Debug|Any CPU
		{E8844BA3-E818-486B-9662-28BE59F1C518}.Release|Any CPU.ActiveCfg = Release|Any CPU
		{E8844BA3-E818-486B-9662-28BE59F1C518}.Release|Any CPU.Build.0 = Release|Any CPU
		{35A3C657-D6A9-4103-978A-7F597050A49B}.Debug|Any CPU.ActiveCfg = Debug|Any CPU
		{35A3C657-D6A9-4103-978A-7F597050A49B}.Debug|Any CPU.Build.0 = Debug|Any CPU
		{35A3C657-D6A9-4103-978A-7F597050A49B}.Release|Any CPU.ActiveCfg = Release|Any CPU
		{35A3C657-D6A9-4103-978A-7F597050A49B}.Release|Any CPU.Build.0 = Release|Any CPU
		{1CFC5174-2D27-4022-ADB5-73B3B8E8BCCB}.Debug|Any CPU.ActiveCfg = Debug|Any CPU
		{1CFC5174-2D27-4022-ADB5-73B3B8E8BCCB}.Debug|Any CPU.Build.0 = Debug|Any CPU
		{1CFC5174-2D27-4022-ADB5-73B3B8E8BCCB}.Release|Any CPU.ActiveCfg = Release|Any CPU
		{1CFC5174-2D27-4022-ADB5-73B3B8E8BCCB}.Release|Any CPU.Build.0 = Release|Any CPU
		{F57A4EFF-5E52-4B6F-B59F-B6F4D092A38D}.Debug|Any CPU.ActiveCfg = Debug|Any CPU
		{F57A4EFF-5E52-4B6F-B59F-B6F4D092A38D}.Debug|Any CPU.Build.0 = Debug|Any CPU
		{F57A4EFF-5E52-4B6F-B59F-B6F4D092A38D}.Release|Any CPU.ActiveCfg = Release|Any CPU
		{F57A4EFF-5E52-4B6F-B59F-B6F4D092A38D}.Release|Any CPU.Build.0 = Release|Any CPU
		{4D7A77BD-71EB-4047-8D5D-4F178589C624}.Debug|Any CPU.ActiveCfg = Debug|Any CPU
		{4D7A77BD-71EB-4047-8D5D-4F178589C624}.Debug|Any CPU.Build.0 = Debug|Any CPU
		{4D7A77BD-71EB-4047-8D5D-4F178589C624}.Release|Any CPU.ActiveCfg = Release|Any CPU
		{4D7A77BD-71EB-4047-8D5D-4F178589C624}.Release|Any CPU.Build.0 = Release|Any CPU
		{D244594B-5E07-4957-9A5A-B841A4408D10}.Debug|Any CPU.ActiveCfg = Debug|Any CPU
		{D244594B-5E07-4957-9A5A-B841A4408D10}.Debug|Any CPU.Build.0 = Debug|Any CPU
		{D244594B-5E07-4957-9A5A-B841A4408D10}.Release|Any CPU.ActiveCfg = Release|Any CPU
		{D244594B-5E07-4957-9A5A-B841A4408D10}.Release|Any CPU.Build.0 = Release|Any CPU
	EndGlobalSection
	GlobalSection(SolutionProperties) = preSolution
		HideSolutionNode = FALSE
	EndGlobalSection
	GlobalSection(NestedProjects) = preSolution
		{178BC69A-7046-43F3-95C0-EC141ACA69D5} = {6606B669-CE25-45DD-A717-04FBDA4227BA}
		{F2D426E7-2D5B-4B78-BAEC-0EA56FD25E85} = {6606B669-CE25-45DD-A717-04FBDA4227BA}
		{D46E29EE-9424-4013-BAB4-6054BCC4D9E1} = {6606B669-CE25-45DD-A717-04FBDA4227BA}
		{CE4CFE80-823C-417A-843B-E8684980BB59} = {405C50FD-AD22-4C2E-B1A7-174338AC2ECB}
		{4B613605-3013-4806-B868-91FC477958D1} = {405C50FD-AD22-4C2E-B1A7-174338AC2ECB}
		{2BEA9396-75E5-4C0D-B06A-E0FD09C7266C} = {405C50FD-AD22-4C2E-B1A7-174338AC2ECB}
		{E8844BA3-E818-486B-9662-28BE59F1C518} = {DAFF86E2-C73E-4193-9EA9-21EF0E6C52D8}
		{35A3C657-D6A9-4103-978A-7F597050A49B} = {DAFF86E2-C73E-4193-9EA9-21EF0E6C52D8}
		{1CFC5174-2D27-4022-ADB5-73B3B8E8BCCB} = {DAFF86E2-C73E-4193-9EA9-21EF0E6C52D8}
		{F57A4EFF-5E52-4B6F-B59F-B6F4D092A38D} = {DAFF86E2-C73E-4193-9EA9-21EF0E6C52D8}
		{4D7A77BD-71EB-4047-8D5D-4F178589C624} = {405C50FD-AD22-4C2E-B1A7-174338AC2ECB}
		{D244594B-5E07-4957-9A5A-B841A4408D10} = {6606B669-CE25-45DD-A717-04FBDA4227BA}
	EndGlobalSection
	GlobalSection(ExtensibilityGlobals) = postSolution
		SolutionGuid = {A665DA9E-383A-4EE4-8006-209EDCE98353}
	EndGlobalSection
EndGlobal
